
Microsoft Visual Studio Solution File, Format Version 12.00
# Visual Studio Version 17
VisualStudioVersion = 17.11.35222.181
MinimumVisualStudioVersion = 10.0.40219.1
Project("{FAE04EC0-301F-11D3-BF4B-00C04F79EFBC}") = "LAB_2.1", "LAB_2.1\LAB_2.1.csproj", "{4135873E-E679-45E3-917D-74821ECFE235}"
EndProject
Global
	GlobalSection(SolutionConfigurationPlatforms) = preSolution
		Debug|Any CPU = Debug|Any CPU
		Release|Any CPU = Release|Any CPU
	EndGlobalSection
	GlobalSection(ProjectConfigurationPlatforms) = postSolution
		{4135873E-E679-45E3-917D-74821ECFE235}.Debug|Any CPU.ActiveCfg = Debug|Any CPU
		{4135873E-E679-45E3-917D-74821ECFE235}.Debug|Any CPU.Build.0 = Debug|Any CPU
		{4135873E-E679-45E3-917D-74821ECFE235}.Release|Any CPU.ActiveCfg = Release|Any CPU
		{4135873E-E679-45E3-917D-74821ECFE235}.Release|Any CPU.Build.0 = Release|Any CPU
	EndGlobalSection
	GlobalSection(SolutionProperties) = preSolution
		HideSolutionNode = FALSE
	EndGlobalSection
	GlobalSection(ExtensibilityGlobals) = postSolution
		SolutionGuid = {7798E3AE-7EAD-4A84-878C-C51FD252B08B}
	EndGlobalSection
EndGlobal
