
Microsoft Visual Studio Solution File, Format Version 12.00
# Visual Studio Version 17
VisualStudioVersion = 17.11.35222.181
MinimumVisualStudioVersion = 10.0.40219.1
Project("{FAE04EC0-301F-11D3-BF4B-00C04F79EFBC}") = "LAB_2.2", "LAB_2.2\LAB_2.2.csproj", "{41EC1CB5-E23C-4F26-856F-D5C8CF03B1BF}"
EndProject
Global
	GlobalSection(SolutionConfigurationPlatforms) = preSolution
		Debug|Any CPU = Debug|Any CPU
		Release|Any CPU = Release|Any CPU
	EndGlobalSection
	GlobalSection(ProjectConfigurationPlatforms) = postSolution
		{41EC1CB5-E23C-4F26-856F-D5C8CF03B1BF}.Debug|Any CPU.ActiveCfg = Debug|Any CPU
		{41EC1CB5-E23C-4F26-856F-D5C8CF03B1BF}.Debug|Any CPU.Build.0 = Debug|Any CPU
		{41EC1CB5-E23C-4F26-856F-D5C8CF03B1BF}.Release|Any CPU.ActiveCfg = Release|Any CPU
		{41EC1CB5-E23C-4F26-856F-D5C8CF03B1BF}.Release|Any CPU.Build.0 = Release|Any CPU
	EndGlobalSection
	GlobalSection(SolutionProperties) = preSolution
		HideSolutionNode = FALSE
	EndGlobalSection
	GlobalSection(ExtensibilityGlobals) = postSolution
		SolutionGuid = {23DB4016-F84C-42B0-BCCA-84E105550535}
	EndGlobalSection
EndGlobal
